<?xml version="1.0" encoding="utf-8"?>
<Project ToolsVersion="4.0" xmlns="http://schemas.microsoft.com/developer/msbuild/2003">
  <ItemGroup>
    <Filter Include="Source">
      <UniqueIdentifier>{ee5f34c0-7e82-401a-974b-0d2d63154428}</UniqueIdentifier>
    </Filter>
    <Filter Include="Source\tablet">
      <UniqueIdentifier>{666a7aa3-d75e-449a-a6ce-0b8cb578d203}</UniqueIdentifier>
    </Filter>
    <Filter Include="Source\osc">
      <UniqueIdentifier>{ecd5176e-939f-4b0e-aa77-c53131015184}</UniqueIdentifier>
    </Filter>
    <Filter Include="Source\ip">
      <UniqueIdentifier>{e32eaa40-71b3-48e5-b5f0-b612e4e89a66}</UniqueIdentifier>
    </Filter>
  </ItemGroup>
  <ItemGroup>
    <ClCompile Include="src\tablet\driver_tablet.cpp">
      <Filter>Source\tablet</Filter>
    </ClCompile>
    <ClCompile Include="src\tablet\driverlog.cpp">
      <Filter>Source\tablet</Filter>
    </ClCompile>
    <ClCompile Include="src\tablet\OSCDeviceListener.cpp">
      <Filter>Source\tablet</Filter>
    </ClCompile>
    <ClCompile Include="src\tablet\CDeviceControllerProvider.cpp">
      <Filter>Source\tablet</Filter>
    </ClCompile>
    <ClCompile Include="src\tablet\CTabletControllerDriver.cpp">
      <Filter>Source\tablet</Filter>
    </ClCompile>
    <ClCompile Include="src\ip\IpEndpointName.cpp">
      <Filter>Source\ip</Filter>
    </ClCompile>
    <ClCompile Include="src\ip\win32\NetworkingUtils.cpp">
      <Filter>Source\ip</Filter>
    </ClCompile>
    <ClCompile Include="src\ip\win32\UdpSocket.cpp">
      <Filter>Source\ip</Filter>
    </ClCompile>
    <ClCompile Include="src\osc\OscOutboundPacketStream.cpp">
      <Filter>Source\osc</Filter>
    </ClCompile>
    <ClCompile Include="src\osc\OscPrintReceivedElements.cpp">
      <Filter>Source\osc</Filter>
    </ClCompile>
    <ClCompile Include="src\osc\OscReceivedElements.cpp">
      <Filter>Source\osc</Filter>
    </ClCompile>
    <ClCompile Include="src\osc\OscTypes.cpp">
      <Filter>Source\osc</Filter>
    </ClCompile>
  </ItemGroup>
  <ItemGroup>
    <ClInclude Include="src\tablet\driverlog.h">
      <Filter>Source\tablet</Filter>
    </ClInclude>
    <ClInclude Include="src\tablet\OSCDeviceListener.h">
      <Filter>Source\tablet</Filter>
    </ClInclude>
    <ClInclude Include="src\tablet\CDeviceControllerProvider.h">
      <Filter>Source\tablet</Filter>
    </ClInclude>
    <ClInclude Include="src\tablet\CTabletControllerDriver.h">
      <Filter>Source\tablet</Filter>
    </ClInclude>
    <ClInclude Include="src\ip\IpEndpointName.h">
      <Filter>Source\ip</Filter>
    </ClInclude>
    <ClInclude Include="src\ip\NetworkingUtils.h">
      <Filter>Source\ip</Filter>
    </ClInclude>
    <ClInclude Include="src\ip\PacketListener.h">
      <Filter>Source\ip</Filter>
    </ClInclude>
    <ClInclude Include="src\ip\TimerListener.h">
      <Filter>Source\ip</Filter>
    </ClInclude>
    <ClInclude Include="src\ip\UdpSocket.h">
      <Filter>Source\ip</Filter>
    </ClInclude>
    <ClInclude Include="src\osc\MessageMappingOscPacketListener.h">
      <Filter>Source\osc</Filter>
    </ClInclude>
    <ClInclude Include="src\osc\OscException.h">
      <Filter>Source\osc</Filter>
    </ClInclude>
    <ClInclude Include="src\osc\OscHostEndianness.h">
      <Filter>Source\osc</Filter>
    </ClInclude>
    <ClInclude Include="src\osc\OscOutboundPacketStream.h">
      <Filter>Source\osc</Filter>
    </ClInclude>
    <ClInclude Include="src\osc\OscPacketListener.h">
      <Filter>Source\osc</Filter>
    </ClInclude>
    <ClInclude Include="src\osc\OscPrintReceivedElements.h">
      <Filter>Source\osc</Filter>
    </ClInclude>
    <ClInclude Include="src\osc\OscReceivedElements.h">
      <Filter>Source\osc</Filter>
    </ClInclude>
    <ClInclude Include="src\osc\OscTypes.h">
      <Filter>Source\osc</Filter>
    </ClInclude>
  </ItemGroup>
</Project>